
Microsoft Visual Studio Solution File, Format Version 12.00
# Visual Studio Express 2012 for Web
Project("{FAE04EC0-301F-11D3-BF4B-00C04F79EFBC}") = "WcfService", "WcfService\WcfService.csproj", "{52FDEB3C-72EE-41C7-AE12-C22B196859FE}"
EndProject
Global
	GlobalSection(SolutionConfigurationPlatforms) = preSolution
		Debug|Any CPU = Debug|Any CPU
		Release|Any CPU = Release|Any CPU
	EndGlobalSection
	GlobalSection(ProjectConfigurationPlatforms) = postSolution
		{52FDEB3C-72EE-41C7-AE12-C22B196859FE}.Debug|Any CPU.ActiveCfg = Debug|Any CPU
		{52FDEB3C-72EE-41C7-AE12-C22B196859FE}.Debug|Any CPU.Build.0 = Debug|Any CPU
		{52FDEB3C-72EE-41C7-AE12-C22B196859FE}.Release|Any CPU.ActiveCfg = Release|Any CPU
		{52FDEB3C-72EE-41C7-AE12-C22B196859FE}.Release|Any CPU.Build.0 = Release|Any CPU
	EndGlobalSection
	GlobalSection(SolutionProperties) = preSolution
		HideSolutionNode = FALSE
	EndGlobalSection
EndGlobal
